
Microsoft Visual Studio Solution File, Format Version 12.00
# Visual Studio 15
VisualStudioVersion = 15.0.28010.2048
MinimumVisualStudioVersion = 10.0.40219.1
Project("{FAE04EC0-301F-11D3-BF4B-00C04F79EFBC}") = "tester", "tester\tester.csproj", "{258E03A0-3B0E-45B8-8D12-D5593FCD7644}"
EndProject
Project("{9A19103F-16F7-4668-BE54-9A1E7A4F7556}") = "task1NOD", "task1NOD\task1NOD.csproj", "{1B4B9990-412C-468D-9E35-252D244616C5}"
EndProject
Project("{FAE04EC0-301F-11D3-BF4B-00C04F79EFBC}") = "task1POW", "task1POW\task1POW.csproj", "{2787D776-56EA-4C4D-AA9F-8EE8E71425CE}"
EndProject
Project("{FAE04EC0-301F-11D3-BF4B-00C04F79EFBC}") = "tast1CountSimpleNum", "tast1CountSimpleNum\tast1CountSimpleNum.csproj", "{0DFD6C95-66E7-4816-8445-4D1CE87A7CEA}"
EndProject
Project("{FAE04EC0-301F-11D3-BF4B-00C04F79EFBC}") = "task1Fibonacci", "task1Fibonacci\task1Fibonacci.csproj", "{9795CF71-AF58-4130-8A09-61CEC39E6A81}"
EndProject
Global
	GlobalSection(SolutionConfigurationPlatforms) = preSolution
		Debug|Any CPU = Debug|Any CPU
		Release|Any CPU = Release|Any CPU
	EndGlobalSection
	GlobalSection(ProjectConfigurationPlatforms) = postSolution
		{258E03A0-3B0E-45B8-8D12-D5593FCD7644}.Debug|Any CPU.ActiveCfg = Debug|Any CPU
		{258E03A0-3B0E-45B8-8D12-D5593FCD7644}.Debug|Any CPU.Build.0 = Debug|Any CPU
		{258E03A0-3B0E-45B8-8D12-D5593FCD7644}.Release|Any CPU.ActiveCfg = Release|Any CPU
		{258E03A0-3B0E-45B8-8D12-D5593FCD7644}.Release|Any CPU.Build.0 = Release|Any CPU
		{1B4B9990-412C-468D-9E35-252D244616C5}.Debug|Any CPU.ActiveCfg = Debug|Any CPU
		{1B4B9990-412C-468D-9E35-252D244616C5}.Debug|Any CPU.Build.0 = Debug|Any CPU
		{1B4B9990-412C-468D-9E35-252D244616C5}.Release|Any CPU.ActiveCfg = Release|Any CPU
		{1B4B9990-412C-468D-9E35-252D244616C5}.Release|Any CPU.Build.0 = Release|Any CPU
		{2787D776-56EA-4C4D-AA9F-8EE8E71425CE}.Debug|Any CPU.ActiveCfg = Debug|Any CPU
		{2787D776-56EA-4C4D-AA9F-8EE8E71425CE}.Debug|Any CPU.Build.0 = Debug|Any CPU
		{2787D776-56EA-4C4D-AA9F-8EE8E71425CE}.Release|Any CPU.ActiveCfg = Release|Any CPU
		{2787D776-56EA-4C4D-AA9F-8EE8E71425CE}.Release|Any CPU.Build.0 = Release|Any CPU
		{0DFD6C95-66E7-4816-8445-4D1CE87A7CEA}.Debug|Any CPU.ActiveCfg = Debug|Any CPU
		{0DFD6C95-66E7-4816-8445-4D1CE87A7CEA}.Debug|Any CPU.Build.0 = Debug|Any CPU
		{0DFD6C95-66E7-4816-8445-4D1CE87A7CEA}.Release|Any CPU.ActiveCfg = Release|Any CPU
		{0DFD6C95-66E7-4816-8445-4D1CE87A7CEA}.Release|Any CPU.Build.0 = Release|Any CPU
		{9795CF71-AF58-4130-8A09-61CEC39E6A81}.Debug|Any CPU.ActiveCfg = Debug|Any CPU
		{9795CF71-AF58-4130-8A09-61CEC39E6A81}.Debug|Any CPU.Build.0 = Debug|Any CPU
		{9795CF71-AF58-4130-8A09-61CEC39E6A81}.Release|Any CPU.ActiveCfg = Release|Any CPU
		{9795CF71-AF58-4130-8A09-61CEC39E6A81}.Release|Any CPU.Build.0 = Release|Any CPU
	EndGlobalSection
	GlobalSection(SolutionProperties) = preSolution
		HideSolutionNode = FALSE
	EndGlobalSection
	GlobalSection(ExtensibilityGlobals) = postSolution
		SolutionGuid = {B82A29AC-413B-44E3-9B69-C9E0C81E62FC}
	EndGlobalSection
EndGlobal
