
Microsoft Visual Studio Solution File, Format Version 12.00
# Visual Studio Version 16
VisualStudioVersion = 16.0.29905.134
MinimumVisualStudioVersion = 10.0.40219.1
Project("{9A19103F-16F7-4668-BE54-9A1E7A4F7556}") = "SimpleTester", "tester\SimpleTester.csproj", "{258E03A0-3B0E-45B8-8D12-D5593FCD7644}"
EndProject
Project("{9A19103F-16F7-4668-BE54-9A1E7A4F7556}") = "task1NOD", "task1NOD\task1NOD.csproj", "{1B4B9990-412C-468D-9E35-252D244616C5}"
EndProject
Project("{9A19103F-16F7-4668-BE54-9A1E7A4F7556}") = "task1POW", "task1POW\task1POW.csproj", "{2787D776-56EA-4C4D-AA9F-8EE8E71425CE}"
EndProject
Project("{9A19103F-16F7-4668-BE54-9A1E7A4F7556}") = "task1Prime", "task1CountSimpleNum\task1Prime.csproj", "{0DFD6C95-66E7-4816-8445-4D1CE87A7CEA}"
EndProject
Project("{9A19103F-16F7-4668-BE54-9A1E7A4F7556}") = "task1Fibonacci", "task1Fibonacci\task1Fibonacci.csproj", "{9795CF71-AF58-4130-8A09-61CEC39E6A81}"
EndProject
Project("{9A19103F-16F7-4668-BE54-9A1E7A4F7556}") = "task2King", "task2King\task2King.csproj", "{A4F5F6BE-A4A3-4884-88D4-CB1EA23DC773}"
EndProject
Project("{9A19103F-16F7-4668-BE54-9A1E7A4F7556}") = "task2Horse", "task2Horse\task2Horse.csproj", "{45C117EC-CB3A-4C5A-9506-1D75DA74BE5A}"
EndProject
Project("{9A19103F-16F7-4668-BE54-9A1E7A4F7556}") = "task2FEN", "task2FEN\task2FEN.csproj", "{C3717192-693D-40CC-97DC-271E28A6C32A}"
EndProject
Project("{9A19103F-16F7-4668-BE54-9A1E7A4F7556}") = "task2Truckers", "task2Truckers\task2Truckers.csproj", "{749A6821-49A1-49FA-A050-4CC4331626A1}"
EndProject
Project("{9A19103F-16F7-4668-BE54-9A1E7A4F7556}") = "task3DynamicArray", "task3DynamicArray\task3DynamicArray.csproj", "{F23F88EC-6500-4F5A-98FA-AF254EB2ED72}"
EndProject
Project("{9A19103F-16F7-4668-BE54-9A1E7A4F7556}") = "task3PriorityQueue", "task3PriorityQueue\task3PriorityQueue.csproj", "{3495E4D7-3840-499B-8AB8-95E18EF60322}"
EndProject
Project("{9A19103F-16F7-4668-BE54-9A1E7A4F7556}") = "Task4Sort", "Task4Sort\Task4Sort.csproj", "{7C6658B4-8839-42C7-8292-6351C110B7AB}"
EndProject
Project("{9A19103F-16F7-4668-BE54-9A1E7A4F7556}") = "Task5Sort", "Task5Sort\Task5Sort.csproj", "{0E3DA420-2B21-4C54-B9C2-11AB3DA1AB04}"
EndProject
Project("{9A19103F-16F7-4668-BE54-9A1E7A4F7556}") = "Task6Tree", "Task6Tree\Task6Tree.csproj", "{E20A53CF-92B3-4A53-9DBE-A787017BB0FC}"
EndProject
Project("{9A19103F-16F7-4668-BE54-9A1E7A4F7556}") = "Task7RBTree", "Task7RBTree\Task7RBTree.csproj", "{A4ED082F-440C-4601-86BB-BB8DC7D5A622}"
EndProject
Project("{9A19103F-16F7-4668-BE54-9A1E7A4F7556}") = "Task9Hashtable", "Task9Hashtable\Task9Hashtable.csproj", "{5380BA89-71E4-4FA7-AAAA-46305C2AA637}"
EndProject
Project("{9A19103F-16F7-4668-BE54-9A1E7A4F7556}") = "Task8SegmentTree", "Task8SegmentTree\Task8SegmentTree.csproj", "{5F10A996-E72D-4D0C-A1B7-9BEC1AC029F0}"
EndProject
Project("{9A19103F-16F7-4668-BE54-9A1E7A4F7556}") = "Task10Kosaraju", "Task10Kosaraju\Task10Kosaraju.csproj", "{2018EAAF-47ED-44B8-B632-1DE18A24EE0C}"
EndProject
Project("{9A19103F-16F7-4668-BE54-9A1E7A4F7556}") = "Task11TopologicalSort", "Task11TopologicalSort\Task11TopologicalSort.csproj", "{A5BD4453-9EC3-4147-81BA-BA3F7ECB96FB}"
EndProject
Project("{9A19103F-16F7-4668-BE54-9A1E7A4F7556}") = "Task12MST", "Task12Kruskal\Task12MST.csproj", "{36FE696D-0D23-45BA-A37C-A3314E7F7DA3}"
EndProject
Project("{9A19103F-16F7-4668-BE54-9A1E7A4F7556}") = "Task13SPF", "Task13SPF\Task13SPF.csproj", "{F10ABE0D-0A40-441C-8482-C0D2BCBD3216}"
EndProject
Project("{9A19103F-16F7-4668-BE54-9A1E7A4F7556}") = "Task14Search", "Task14Search\Task14Search.csproj", "{C903193B-848E-46BE-A6B5-1E0390DBA331}"
EndProject
Project("{FAE04EC0-301F-11D3-BF4B-00C04F79EFBC}") = "Task15RLE", "Task15RLE\Task15RLE.csproj", "{5EB769AD-B708-4965-BEC8-95CDAC488CF3}"
EndProject
Global
	GlobalSection(SolutionConfigurationPlatforms) = preSolution
		Debug|Any CPU = Debug|Any CPU
		Release|Any CPU = Release|Any CPU
	EndGlobalSection
	GlobalSection(ProjectConfigurationPlatforms) = postSolution
		{258E03A0-3B0E-45B8-8D12-D5593FCD7644}.Debug|Any CPU.ActiveCfg = Debug|Any CPU
		{258E03A0-3B0E-45B8-8D12-D5593FCD7644}.Debug|Any CPU.Build.0 = Debug|Any CPU
		{258E03A0-3B0E-45B8-8D12-D5593FCD7644}.Release|Any CPU.ActiveCfg = Release|Any CPU
		{258E03A0-3B0E-45B8-8D12-D5593FCD7644}.Release|Any CPU.Build.0 = Release|Any CPU
		{1B4B9990-412C-468D-9E35-252D244616C5}.Debug|Any CPU.ActiveCfg = Debug|Any CPU
		{1B4B9990-412C-468D-9E35-252D244616C5}.Debug|Any CPU.Build.0 = Debug|Any CPU
		{1B4B9990-412C-468D-9E35-252D244616C5}.Release|Any CPU.ActiveCfg = Release|Any CPU
		{1B4B9990-412C-468D-9E35-252D244616C5}.Release|Any CPU.Build.0 = Release|Any CPU
		{2787D776-56EA-4C4D-AA9F-8EE8E71425CE}.Debug|Any CPU.ActiveCfg = Debug|Any CPU
		{2787D776-56EA-4C4D-AA9F-8EE8E71425CE}.Debug|Any CPU.Build.0 = Debug|Any CPU
		{2787D776-56EA-4C4D-AA9F-8EE8E71425CE}.Release|Any CPU.ActiveCfg = Release|Any CPU
		{2787D776-56EA-4C4D-AA9F-8EE8E71425CE}.Release|Any CPU.Build.0 = Release|Any CPU
		{0DFD6C95-66E7-4816-8445-4D1CE87A7CEA}.Debug|Any CPU.ActiveCfg = Debug|Any CPU
		{0DFD6C95-66E7-4816-8445-4D1CE87A7CEA}.Debug|Any CPU.Build.0 = Debug|Any CPU
		{0DFD6C95-66E7-4816-8445-4D1CE87A7CEA}.Release|Any CPU.ActiveCfg = Release|Any CPU
		{0DFD6C95-66E7-4816-8445-4D1CE87A7CEA}.Release|Any CPU.Build.0 = Release|Any CPU
		{9795CF71-AF58-4130-8A09-61CEC39E6A81}.Debug|Any CPU.ActiveCfg = Debug|Any CPU
		{9795CF71-AF58-4130-8A09-61CEC39E6A81}.Debug|Any CPU.Build.0 = Debug|Any CPU
		{9795CF71-AF58-4130-8A09-61CEC39E6A81}.Release|Any CPU.ActiveCfg = Release|Any CPU
		{9795CF71-AF58-4130-8A09-61CEC39E6A81}.Release|Any CPU.Build.0 = Release|Any CPU
		{A4F5F6BE-A4A3-4884-88D4-CB1EA23DC773}.Debug|Any CPU.ActiveCfg = Debug|Any CPU
		{A4F5F6BE-A4A3-4884-88D4-CB1EA23DC773}.Debug|Any CPU.Build.0 = Debug|Any CPU
		{A4F5F6BE-A4A3-4884-88D4-CB1EA23DC773}.Release|Any CPU.ActiveCfg = Release|Any CPU
		{A4F5F6BE-A4A3-4884-88D4-CB1EA23DC773}.Release|Any CPU.Build.0 = Release|Any CPU
		{45C117EC-CB3A-4C5A-9506-1D75DA74BE5A}.Debug|Any CPU.ActiveCfg = Debug|Any CPU
		{45C117EC-CB3A-4C5A-9506-1D75DA74BE5A}.Debug|Any CPU.Build.0 = Debug|Any CPU
		{45C117EC-CB3A-4C5A-9506-1D75DA74BE5A}.Release|Any CPU.ActiveCfg = Release|Any CPU
		{45C117EC-CB3A-4C5A-9506-1D75DA74BE5A}.Release|Any CPU.Build.0 = Release|Any CPU
		{C3717192-693D-40CC-97DC-271E28A6C32A}.Debug|Any CPU.ActiveCfg = Debug|Any CPU
		{C3717192-693D-40CC-97DC-271E28A6C32A}.Debug|Any CPU.Build.0 = Debug|Any CPU
		{C3717192-693D-40CC-97DC-271E28A6C32A}.Release|Any CPU.ActiveCfg = Release|Any CPU
		{C3717192-693D-40CC-97DC-271E28A6C32A}.Release|Any CPU.Build.0 = Release|Any CPU
		{749A6821-49A1-49FA-A050-4CC4331626A1}.Debug|Any CPU.ActiveCfg = Debug|Any CPU
		{749A6821-49A1-49FA-A050-4CC4331626A1}.Debug|Any CPU.Build.0 = Debug|Any CPU
		{749A6821-49A1-49FA-A050-4CC4331626A1}.Release|Any CPU.ActiveCfg = Release|Any CPU
		{749A6821-49A1-49FA-A050-4CC4331626A1}.Release|Any CPU.Build.0 = Release|Any CPU
		{F23F88EC-6500-4F5A-98FA-AF254EB2ED72}.Debug|Any CPU.ActiveCfg = Debug|Any CPU
		{F23F88EC-6500-4F5A-98FA-AF254EB2ED72}.Debug|Any CPU.Build.0 = Debug|Any CPU
		{F23F88EC-6500-4F5A-98FA-AF254EB2ED72}.Release|Any CPU.ActiveCfg = Release|Any CPU
		{F23F88EC-6500-4F5A-98FA-AF254EB2ED72}.Release|Any CPU.Build.0 = Release|Any CPU
		{3495E4D7-3840-499B-8AB8-95E18EF60322}.Debug|Any CPU.ActiveCfg = Debug|Any CPU
		{3495E4D7-3840-499B-8AB8-95E18EF60322}.Debug|Any CPU.Build.0 = Debug|Any CPU
		{3495E4D7-3840-499B-8AB8-95E18EF60322}.Release|Any CPU.ActiveCfg = Release|Any CPU
		{3495E4D7-3840-499B-8AB8-95E18EF60322}.Release|Any CPU.Build.0 = Release|Any CPU
		{7C6658B4-8839-42C7-8292-6351C110B7AB}.Debug|Any CPU.ActiveCfg = Debug|Any CPU
		{7C6658B4-8839-42C7-8292-6351C110B7AB}.Debug|Any CPU.Build.0 = Debug|Any CPU
		{7C6658B4-8839-42C7-8292-6351C110B7AB}.Release|Any CPU.ActiveCfg = Release|Any CPU
		{7C6658B4-8839-42C7-8292-6351C110B7AB}.Release|Any CPU.Build.0 = Release|Any CPU
		{0E3DA420-2B21-4C54-B9C2-11AB3DA1AB04}.Debug|Any CPU.ActiveCfg = Debug|Any CPU
		{0E3DA420-2B21-4C54-B9C2-11AB3DA1AB04}.Debug|Any CPU.Build.0 = Debug|Any CPU
		{0E3DA420-2B21-4C54-B9C2-11AB3DA1AB04}.Release|Any CPU.ActiveCfg = Release|Any CPU
		{0E3DA420-2B21-4C54-B9C2-11AB3DA1AB04}.Release|Any CPU.Build.0 = Release|Any CPU
		{E20A53CF-92B3-4A53-9DBE-A787017BB0FC}.Debug|Any CPU.ActiveCfg = Debug|Any CPU
		{E20A53CF-92B3-4A53-9DBE-A787017BB0FC}.Debug|Any CPU.Build.0 = Debug|Any CPU
		{E20A53CF-92B3-4A53-9DBE-A787017BB0FC}.Release|Any CPU.ActiveCfg = Release|Any CPU
		{E20A53CF-92B3-4A53-9DBE-A787017BB0FC}.Release|Any CPU.Build.0 = Release|Any CPU
		{A4ED082F-440C-4601-86BB-BB8DC7D5A622}.Debug|Any CPU.ActiveCfg = Debug|Any CPU
		{A4ED082F-440C-4601-86BB-BB8DC7D5A622}.Debug|Any CPU.Build.0 = Debug|Any CPU
		{A4ED082F-440C-4601-86BB-BB8DC7D5A622}.Release|Any CPU.ActiveCfg = Release|Any CPU
		{A4ED082F-440C-4601-86BB-BB8DC7D5A622}.Release|Any CPU.Build.0 = Release|Any CPU
		{5380BA89-71E4-4FA7-AAAA-46305C2AA637}.Debug|Any CPU.ActiveCfg = Debug|Any CPU
		{5380BA89-71E4-4FA7-AAAA-46305C2AA637}.Debug|Any CPU.Build.0 = Debug|Any CPU
		{5380BA89-71E4-4FA7-AAAA-46305C2AA637}.Release|Any CPU.ActiveCfg = Release|Any CPU
		{5380BA89-71E4-4FA7-AAAA-46305C2AA637}.Release|Any CPU.Build.0 = Release|Any CPU
		{5F10A996-E72D-4D0C-A1B7-9BEC1AC029F0}.Debug|Any CPU.ActiveCfg = Debug|Any CPU
		{5F10A996-E72D-4D0C-A1B7-9BEC1AC029F0}.Debug|Any CPU.Build.0 = Debug|Any CPU
		{5F10A996-E72D-4D0C-A1B7-9BEC1AC029F0}.Release|Any CPU.ActiveCfg = Release|Any CPU
		{5F10A996-E72D-4D0C-A1B7-9BEC1AC029F0}.Release|Any CPU.Build.0 = Release|Any CPU
		{2018EAAF-47ED-44B8-B632-1DE18A24EE0C}.Debug|Any CPU.ActiveCfg = Debug|Any CPU
		{2018EAAF-47ED-44B8-B632-1DE18A24EE0C}.Debug|Any CPU.Build.0 = Debug|Any CPU
		{2018EAAF-47ED-44B8-B632-1DE18A24EE0C}.Release|Any CPU.ActiveCfg = Release|Any CPU
		{2018EAAF-47ED-44B8-B632-1DE18A24EE0C}.Release|Any CPU.Build.0 = Release|Any CPU
		{A5BD4453-9EC3-4147-81BA-BA3F7ECB96FB}.Debug|Any CPU.ActiveCfg = Debug|Any CPU
		{A5BD4453-9EC3-4147-81BA-BA3F7ECB96FB}.Debug|Any CPU.Build.0 = Debug|Any CPU
		{A5BD4453-9EC3-4147-81BA-BA3F7ECB96FB}.Release|Any CPU.ActiveCfg = Release|Any CPU
		{A5BD4453-9EC3-4147-81BA-BA3F7ECB96FB}.Release|Any CPU.Build.0 = Release|Any CPU
		{36FE696D-0D23-45BA-A37C-A3314E7F7DA3}.Debug|Any CPU.ActiveCfg = Debug|Any CPU
		{36FE696D-0D23-45BA-A37C-A3314E7F7DA3}.Debug|Any CPU.Build.0 = Debug|Any CPU
		{36FE696D-0D23-45BA-A37C-A3314E7F7DA3}.Release|Any CPU.ActiveCfg = Release|Any CPU
		{36FE696D-0D23-45BA-A37C-A3314E7F7DA3}.Release|Any CPU.Build.0 = Release|Any CPU
		{F10ABE0D-0A40-441C-8482-C0D2BCBD3216}.Debug|Any CPU.ActiveCfg = Debug|Any CPU
		{F10ABE0D-0A40-441C-8482-C0D2BCBD3216}.Debug|Any CPU.Build.0 = Debug|Any CPU
		{F10ABE0D-0A40-441C-8482-C0D2BCBD3216}.Release|Any CPU.ActiveCfg = Release|Any CPU
		{F10ABE0D-0A40-441C-8482-C0D2BCBD3216}.Release|Any CPU.Build.0 = Release|Any CPU
		{C903193B-848E-46BE-A6B5-1E0390DBA331}.Debug|Any CPU.ActiveCfg = Debug|Any CPU
		{C903193B-848E-46BE-A6B5-1E0390DBA331}.Debug|Any CPU.Build.0 = Debug|Any CPU
		{C903193B-848E-46BE-A6B5-1E0390DBA331}.Release|Any CPU.ActiveCfg = Release|Any CPU
		{C903193B-848E-46BE-A6B5-1E0390DBA331}.Release|Any CPU.Build.0 = Release|Any CPU
		{5EB769AD-B708-4965-BEC8-95CDAC488CF3}.Debug|Any CPU.ActiveCfg = Debug|Any CPU
		{5EB769AD-B708-4965-BEC8-95CDAC488CF3}.Debug|Any CPU.Build.0 = Debug|Any CPU
		{5EB769AD-B708-4965-BEC8-95CDAC488CF3}.Release|Any CPU.ActiveCfg = Release|Any CPU
		{5EB769AD-B708-4965-BEC8-95CDAC488CF3}.Release|Any CPU.Build.0 = Release|Any CPU
	EndGlobalSection
	GlobalSection(SolutionProperties) = preSolution
		HideSolutionNode = FALSE
	EndGlobalSection
	GlobalSection(ExtensibilityGlobals) = postSolution
		SolutionGuid = {B82A29AC-413B-44E3-9B69-C9E0C81E62FC}
	EndGlobalSection
EndGlobal
